
Microsoft Visual Studio Solution File, Format Version 12.00
# Visual Studio Version 16
Project("{8BC9CEB8-8B4A-11D0-8D11-00A0C91BC942}") = "Ciao", "Ciao\Ciao.vcxproj", "{8198837C-6DCF-840D-16BC-6A1002D2000F}"
EndProject
Project("{2150E333-8FDC-42A3-9474-1A3956D46DE8}") = "Dependencies", "Dependencies", "{53E47842-3FC8-3998-A828-34EB942B241A}"
EndProject
Project("{8BC9CEB8-8B4A-11D0-8D11-00A0C91BC942}") = "Glad", "Ciao\Deps\glad\Glad.vcxproj", "{BDD6857C-A90D-870D-52FA-6C103E10030F}"
EndProject
Project("{8BC9CEB8-8B4A-11D0-8D11-00A0C91BC942}") = "ImGui", "Ciao\Deps\imgui\ImGui.vcxproj", "{C0FF640D-2C14-8DBE-F595-301E616989EF}"
EndProject
Project("{8BC9CEB8-8B4A-11D0-8D11-00A0C91BC942}") = "MeshOptimizer", "Ciao\Deps\meshoptimizer\MeshOptimizer.vcxproj", "{35B4FA56-A174-768D-6AAF-BF0AD62EBB69}"
EndProject
Project("{8BC9CEB8-8B4A-11D0-8D11-00A0C91BC942}") = "P0_Sandbox", "Playground\Sandbox\P0_Sandbox.vcxproj", "{D38D23DC-BF45-6529-284D-3E851424001A}"
EndProject
Project("{8BC9CEB8-8B4A-11D0-8D11-00A0C91BC942}") = "P1_Shadow", "Playground\Shadow\P1_Shadow.vcxproj", "{2B2FA3EB-9799-5762-E0D7-08084C8135B7}"
EndProject
Project("{8BC9CEB8-8B4A-11D0-8D11-00A0C91BC942}") = "P2_VtxPulling", "Playground\VtxPulling\P2_VtxPulling.vcxproj", "{03776751-6F37-E387-3872-2C05A4F12764}"
EndProject
Project("{8BC9CEB8-8B4A-11D0-8D11-00A0C91BC942}") = "P3_Tessellation", "Playground\Tessellation\P3_Tessellation.vcxproj", "{BE103066-2A9C-9D2A-33AD-201F9FB7F92A}"
EndProject
Project("{8BC9CEB8-8B4A-11D0-8D11-00A0C91BC942}") = "P4_MeshDraw", "Playground\MeshDraw\P4_MeshDraw.vcxproj", "{8346FF26-EFFB-771C-78F0-71F3E4A46E20}"
EndProject
Project("{8BC9CEB8-8B4A-11D0-8D11-00A0C91BC942}") = "P5_PBR", "Playground\PBR\P5_PBR.vcxproj", "{ED3E70C6-D9E0-9A9C-C29B-AEF0AEDC21ED}"
EndProject
Global
	GlobalSection(SolutionConfigurationPlatforms) = preSolution
		Debug|x64 = Debug|x64
		Release|x64 = Release|x64
	EndGlobalSection
	GlobalSection(ProjectConfigurationPlatforms) = postSolution
		{8198837C-6DCF-840D-16BC-6A1002D2000F}.Debug|x64.ActiveCfg = Debug|x64
		{8198837C-6DCF-840D-16BC-6A1002D2000F}.Debug|x64.Build.0 = Debug|x64
		{8198837C-6DCF-840D-16BC-6A1002D2000F}.Release|x64.ActiveCfg = Release|x64
		{8198837C-6DCF-840D-16BC-6A1002D2000F}.Release|x64.Build.0 = Release|x64
		{BDD6857C-A90D-870D-52FA-6C103E10030F}.Debug|x64.ActiveCfg = Debug|x64
		{BDD6857C-A90D-870D-52FA-6C103E10030F}.Debug|x64.Build.0 = Debug|x64
		{BDD6857C-A90D-870D-52FA-6C103E10030F}.Release|x64.ActiveCfg = Release|x64
		{BDD6857C-A90D-870D-52FA-6C103E10030F}.Release|x64.Build.0 = Release|x64
		{C0FF640D-2C14-8DBE-F595-301E616989EF}.Debug|x64.ActiveCfg = Debug|x64
		{C0FF640D-2C14-8DBE-F595-301E616989EF}.Debug|x64.Build.0 = Debug|x64
		{C0FF640D-2C14-8DBE-F595-301E616989EF}.Release|x64.ActiveCfg = Release|x64
		{C0FF640D-2C14-8DBE-F595-301E616989EF}.Release|x64.Build.0 = Release|x64
		{35B4FA56-A174-768D-6AAF-BF0AD62EBB69}.Debug|x64.ActiveCfg = Debug|x64
		{35B4FA56-A174-768D-6AAF-BF0AD62EBB69}.Debug|x64.Build.0 = Debug|x64
		{35B4FA56-A174-768D-6AAF-BF0AD62EBB69}.Release|x64.ActiveCfg = Release|x64
		{35B4FA56-A174-768D-6AAF-BF0AD62EBB69}.Release|x64.Build.0 = Release|x64
		{D38D23DC-BF45-6529-284D-3E851424001A}.Debug|x64.ActiveCfg = Debug|x64
		{D38D23DC-BF45-6529-284D-3E851424001A}.Debug|x64.Build.0 = Debug|x64
		{D38D23DC-BF45-6529-284D-3E851424001A}.Release|x64.ActiveCfg = Release|x64
		{D38D23DC-BF45-6529-284D-3E851424001A}.Release|x64.Build.0 = Release|x64
		{2B2FA3EB-9799-5762-E0D7-08084C8135B7}.Debug|x64.ActiveCfg = Debug|x64
		{2B2FA3EB-9799-5762-E0D7-08084C8135B7}.Debug|x64.Build.0 = Debug|x64
		{2B2FA3EB-9799-5762-E0D7-08084C8135B7}.Release|x64.ActiveCfg = Release|x64
		{2B2FA3EB-9799-5762-E0D7-08084C8135B7}.Release|x64.Build.0 = Release|x64
		{03776751-6F37-E387-3872-2C05A4F12764}.Debug|x64.ActiveCfg = Debug|x64
		{03776751-6F37-E387-3872-2C05A4F12764}.Debug|x64.Build.0 = Debug|x64
		{03776751-6F37-E387-3872-2C05A4F12764}.Release|x64.ActiveCfg = Release|x64
		{03776751-6F37-E387-3872-2C05A4F12764}.Release|x64.Build.0 = Release|x64
		{BE103066-2A9C-9D2A-33AD-201F9FB7F92A}.Debug|x64.ActiveCfg = Debug|x64
		{BE103066-2A9C-9D2A-33AD-201F9FB7F92A}.Debug|x64.Build.0 = Debug|x64
		{BE103066-2A9C-9D2A-33AD-201F9FB7F92A}.Release|x64.ActiveCfg = Release|x64
		{BE103066-2A9C-9D2A-33AD-201F9FB7F92A}.Release|x64.Build.0 = Release|x64
		{8346FF26-EFFB-771C-78F0-71F3E4A46E20}.Debug|x64.ActiveCfg = Debug|x64
		{8346FF26-EFFB-771C-78F0-71F3E4A46E20}.Debug|x64.Build.0 = Debug|x64
		{8346FF26-EFFB-771C-78F0-71F3E4A46E20}.Release|x64.ActiveCfg = Release|x64
		{8346FF26-EFFB-771C-78F0-71F3E4A46E20}.Release|x64.Build.0 = Release|x64
		{ED3E70C6-D9E0-9A9C-C29B-AEF0AEDC21ED}.Debug|x64.ActiveCfg = Debug|x64
		{ED3E70C6-D9E0-9A9C-C29B-AEF0AEDC21ED}.Debug|x64.Build.0 = Debug|x64
		{ED3E70C6-D9E0-9A9C-C29B-AEF0AEDC21ED}.Release|x64.ActiveCfg = Release|x64
		{ED3E70C6-D9E0-9A9C-C29B-AEF0AEDC21ED}.Release|x64.Build.0 = Release|x64
	EndGlobalSection
	GlobalSection(SolutionProperties) = preSolution
		HideSolutionNode = FALSE
	EndGlobalSection
	GlobalSection(NestedProjects) = preSolution
		{BDD6857C-A90D-870D-52FA-6C103E10030F} = {53E47842-3FC8-3998-A828-34EB942B241A}
		{C0FF640D-2C14-8DBE-F595-301E616989EF} = {53E47842-3FC8-3998-A828-34EB942B241A}
		{35B4FA56-A174-768D-6AAF-BF0AD62EBB69} = {53E47842-3FC8-3998-A828-34EB942B241A}
	EndGlobalSection
EndGlobal
