
Microsoft Visual Studio Solution File, Format Version 12.00
# Visual Studio Version 16
Project("{8BC9CEB8-8B4A-11D0-8D11-00A0C91BC942}") = "Ciao", "Ciao\Ciao.vcxproj", "{8198837C-6DCF-840D-16BC-6A1002D2000F}"
EndProject
Project("{2150E333-8FDC-42A3-9474-1A3956D46DE8}") = "Dependencies", "Dependencies", "{53E47842-3FC8-3998-A828-34EB942B241A}"
EndProject
Project("{8BC9CEB8-8B4A-11D0-8D11-00A0C91BC942}") = "Glad", "Ciao\Deps\glad\Glad.vcxproj", "{BDD6857C-A90D-870D-52FA-6C103E10030F}"
EndProject
Project("{8BC9CEB8-8B4A-11D0-8D11-00A0C91BC942}") = "ImGui", "Ciao\Deps\imgui\ImGui.vcxproj", "{C0FF640D-2C14-8DBE-F595-301E616989EF}"
EndProject
Project("{8BC9CEB8-8B4A-11D0-8D11-00A0C91BC942}") = "Sandbox", "Playground\Sandbox\Sandbox.vcxproj", "{F4C124E3-60A1-A37E-69B9-2E55D5170AE0}"
EndProject
Project("{8BC9CEB8-8B4A-11D0-8D11-00A0C91BC942}") = "Shadow", "Playground\Shadow\Shadow.vcxproj", "{4B0E0CD1-37B0-36A7-206B-4AFB0CACBDF7}"
EndProject
Project("{8BC9CEB8-8B4A-11D0-8D11-00A0C91BC942}") = "VtxPulling", "Playground\VtxPulling\VtxPulling.vcxproj", "{C288773F-AE40-B98C-1748-92E8031F547D}"
EndProject
Global
	GlobalSection(SolutionConfigurationPlatforms) = preSolution
		Debug|x64 = Debug|x64
		Release|x64 = Release|x64
	EndGlobalSection
	GlobalSection(ProjectConfigurationPlatforms) = postSolution
		{8198837C-6DCF-840D-16BC-6A1002D2000F}.Debug|x64.ActiveCfg = Debug|x64
		{8198837C-6DCF-840D-16BC-6A1002D2000F}.Debug|x64.Build.0 = Debug|x64
		{8198837C-6DCF-840D-16BC-6A1002D2000F}.Release|x64.ActiveCfg = Release|x64
		{8198837C-6DCF-840D-16BC-6A1002D2000F}.Release|x64.Build.0 = Release|x64
		{BDD6857C-A90D-870D-52FA-6C103E10030F}.Debug|x64.ActiveCfg = Debug|x64
		{BDD6857C-A90D-870D-52FA-6C103E10030F}.Debug|x64.Build.0 = Debug|x64
		{BDD6857C-A90D-870D-52FA-6C103E10030F}.Release|x64.ActiveCfg = Release|x64
		{BDD6857C-A90D-870D-52FA-6C103E10030F}.Release|x64.Build.0 = Release|x64
		{C0FF640D-2C14-8DBE-F595-301E616989EF}.Debug|x64.ActiveCfg = Debug|x64
		{C0FF640D-2C14-8DBE-F595-301E616989EF}.Debug|x64.Build.0 = Debug|x64
		{C0FF640D-2C14-8DBE-F595-301E616989EF}.Release|x64.ActiveCfg = Release|x64
		{C0FF640D-2C14-8DBE-F595-301E616989EF}.Release|x64.Build.0 = Release|x64
		{F4C124E3-60A1-A37E-69B9-2E55D5170AE0}.Debug|x64.ActiveCfg = Debug|x64
		{F4C124E3-60A1-A37E-69B9-2E55D5170AE0}.Debug|x64.Build.0 = Debug|x64
		{F4C124E3-60A1-A37E-69B9-2E55D5170AE0}.Release|x64.ActiveCfg = Release|x64
		{F4C124E3-60A1-A37E-69B9-2E55D5170AE0}.Release|x64.Build.0 = Release|x64
		{4B0E0CD1-37B0-36A7-206B-4AFB0CACBDF7}.Debug|x64.ActiveCfg = Debug|x64
		{4B0E0CD1-37B0-36A7-206B-4AFB0CACBDF7}.Debug|x64.Build.0 = Debug|x64
		{4B0E0CD1-37B0-36A7-206B-4AFB0CACBDF7}.Release|x64.ActiveCfg = Release|x64
		{4B0E0CD1-37B0-36A7-206B-4AFB0CACBDF7}.Release|x64.Build.0 = Release|x64
		{C288773F-AE40-B98C-1748-92E8031F547D}.Debug|x64.ActiveCfg = Debug|x64
		{C288773F-AE40-B98C-1748-92E8031F547D}.Debug|x64.Build.0 = Debug|x64
		{C288773F-AE40-B98C-1748-92E8031F547D}.Release|x64.ActiveCfg = Release|x64
		{C288773F-AE40-B98C-1748-92E8031F547D}.Release|x64.Build.0 = Release|x64
	EndGlobalSection
	GlobalSection(SolutionProperties) = preSolution
		HideSolutionNode = FALSE
	EndGlobalSection
	GlobalSection(NestedProjects) = preSolution
		{BDD6857C-A90D-870D-52FA-6C103E10030F} = {53E47842-3FC8-3998-A828-34EB942B241A}
		{C0FF640D-2C14-8DBE-F595-301E616989EF} = {53E47842-3FC8-3998-A828-34EB942B241A}
	EndGlobalSection
EndGlobal
