<?xml version="1.0" encoding="utf-8"?>
<Project ToolsVersion="4.0" xmlns="http://schemas.microsoft.com/developer/msbuild/2003">
  <ItemGroup>
    <Filter Include="Utils">
      <UniqueIdentifier>{F68B420E-62A0-6ABF-2B22-0E1F97F566F0}</UniqueIdentifier>
    </Filter>
  </ItemGroup>
  <ItemGroup>
    <ClInclude Include="OpenGL\src\Application.h" />
    <ClInclude Include="OpenGL\src\Common.h" />
    <ClInclude Include="OpenGL\src\Utils\imgui_impl_glfw.h">
      <Filter>Utils</Filter>
    </ClInclude>
    <ClInclude Include="OpenGL\src\Utils\imgui_impl_opengl3.h">
      <Filter>Utils</Filter>
    </ClInclude>
    <ClInclude Include="OpenGL\src\pch.h" />
  </ItemGroup>
  <ItemGroup>
    <ClCompile Include="OpenGL\src\Application.cpp" />
    <ClCompile Include="OpenGL\src\Utils\imgui_impl_glfw.cpp">
      <Filter>Utils</Filter>
    </ClCompile>
    <ClCompile Include="OpenGL\src\Utils\imgui_impl_opengl3.cpp">
      <Filter>Utils</Filter>
    </ClCompile>
    <ClCompile Include="OpenGL\src\main.cpp" />
    <ClCompile Include="OpenGL\src\pch.cpp" />
  </ItemGroup>
</Project>