<?xml version="1.0" encoding="utf-8"?>
<Project ToolsVersion="4.0" xmlns="http://schemas.microsoft.com/developer/msbuild/2003">
  <ItemGroup>
    <Filter Include="Asset">
      <UniqueIdentifier>{253FD80C-9153-00BE-5AD5-A31DC6A8FCEE}</UniqueIdentifier>
    </Filter>
    <Filter Include="Core">
      <UniqueIdentifier>{2EB4837C-1AEB-840D-C3D7-6A10AFED000F}</UniqueIdentifier>
    </Filter>
    <Filter Include="Renderer">
      <UniqueIdentifier>{7CCE658F-689B-C09A-91B4-AE427DE0F528}</UniqueIdentifier>
    </Filter>
    <Filter Include="Utils">
      <UniqueIdentifier>{F68B420E-62A0-6ABF-2B22-0E1F97F566F0}</UniqueIdentifier>
    </Filter>
    <Filter Include="Utils\Scene">
      <UniqueIdentifier>{9399ED82-FF4E-6678-8843-604FF4F75C7C}</UniqueIdentifier>
    </Filter>
  </ItemGroup>
  <ItemGroup>
    <ClInclude Include="src\Application.h" />
    <ClInclude Include="src\Asset\Cube.h">
      <Filter>Asset</Filter>
    </ClInclude>
    <ClInclude Include="src\Asset\Light.h">
      <Filter>Asset</Filter>
    </ClInclude>
    <ClInclude Include="src\Asset\MeshObj.h">
      <Filter>Asset</Filter>
    </ClInclude>
    <ClInclude Include="src\Asset\Model.h">
      <Filter>Asset</Filter>
    </ClInclude>
    <ClInclude Include="src\Asset\Object.h">
      <Filter>Asset</Filter>
    </ClInclude>
    <ClInclude Include="src\Asset\Plane.h">
      <Filter>Asset</Filter>
    </ClInclude>
    <ClInclude Include="src\Asset\Sphere.h">
      <Filter>Asset</Filter>
    </ClInclude>
    <ClInclude Include="src\Asset\Texture.h">
      <Filter>Asset</Filter>
    </ClInclude>
    <ClInclude Include="src\Ciao.h" />
    <ClInclude Include="src\Core\Common.h">
      <Filter>Core</Filter>
    </ClInclude>
    <ClInclude Include="src\Core\ImguiWindow.h">
      <Filter>Core</Filter>
    </ClInclude>
    <ClInclude Include="src\Core\Log.h">
      <Filter>Core</Filter>
    </ClInclude>
    <ClInclude Include="src\Core\Mouse.h">
      <Filter>Core</Filter>
    </ClInclude>
    <ClInclude Include="src\Core\Scence.h">
      <Filter>Core</Filter>
    </ClInclude>
    <ClInclude Include="src\Core\Window.h">
      <Filter>Core</Filter>
    </ClInclude>
    <ClInclude Include="src\EntryPoint.h" />
    <ClInclude Include="src\Renderer\Camera.h">
      <Filter>Renderer</Filter>
    </ClInclude>
    <ClInclude Include="src\Renderer\Framebuffer.h">
      <Filter>Renderer</Filter>
    </ClInclude>
    <ClInclude Include="src\Renderer\RenderCommand.h">
      <Filter>Renderer</Filter>
    </ClInclude>
    <ClInclude Include="src\Renderer\RenderManager.h">
      <Filter>Renderer</Filter>
    </ClInclude>
    <ClInclude Include="src\Renderer\Shader.h">
      <Filter>Renderer</Filter>
    </ClInclude>
    <ClInclude Include="src\Renderer\VertexBuffer.h">
      <Filter>Renderer</Filter>
    </ClInclude>
    <ClInclude Include="src\Utils\Bitmap.h">
      <Filter>Utils</Filter>
    </ClInclude>
    <ClInclude Include="src\Utils\MathUtils.h">
      <Filter>Utils</Filter>
    </ClInclude>
    <ClInclude Include="src\Utils\MatrixStack.h">
      <Filter>Utils</Filter>
    </ClInclude>
    <ClInclude Include="src\Utils\Scene\MeshConvert.h">
      <Filter>Utils\Scene</Filter>
    </ClInclude>
    <ClInclude Include="src\Utils\Scene\VtxData.h">
      <Filter>Utils\Scene</Filter>
    </ClInclude>
    <ClInclude Include="src\Utils\Utils.h">
      <Filter>Utils</Filter>
    </ClInclude>
    <ClInclude Include="src\Utils\UtilsMath.h">
      <Filter>Utils</Filter>
    </ClInclude>
    <ClInclude Include="src\Utils\imgui_impl_opengl3.h">
      <Filter>Utils</Filter>
    </ClInclude>
    <ClInclude Include="src\Utils\imgui_impl_sdl.h">
      <Filter>Utils</Filter>
    </ClInclude>
    <ClInclude Include="src\pch.h" />
  </ItemGroup>
  <ItemGroup>
    <ClCompile Include="src\Application.cpp" />
    <ClCompile Include="src\Asset\Cube.cpp">
      <Filter>Asset</Filter>
    </ClCompile>
    <ClCompile Include="src\Asset\MeshObj.cpp">
      <Filter>Asset</Filter>
    </ClCompile>
    <ClCompile Include="src\Asset\Model.cpp">
      <Filter>Asset</Filter>
    </ClCompile>
    <ClCompile Include="src\Asset\Plane.cpp">
      <Filter>Asset</Filter>
    </ClCompile>
    <ClCompile Include="src\Asset\Sphere.cpp">
      <Filter>Asset</Filter>
    </ClCompile>
    <ClCompile Include="src\Asset\Texture.cpp">
      <Filter>Asset</Filter>
    </ClCompile>
    <ClCompile Include="src\Core\ImguiWindow.cpp">
      <Filter>Core</Filter>
    </ClCompile>
    <ClCompile Include="src\Core\Log.cpp">
      <Filter>Core</Filter>
    </ClCompile>
    <ClCompile Include="src\Core\Mouse.cpp">
      <Filter>Core</Filter>
    </ClCompile>
    <ClCompile Include="src\Core\Window.cpp">
      <Filter>Core</Filter>
    </ClCompile>
    <ClCompile Include="src\Renderer\Camera.cpp">
      <Filter>Renderer</Filter>
    </ClCompile>
    <ClCompile Include="src\Renderer\Framebuffer.cpp">
      <Filter>Renderer</Filter>
    </ClCompile>
    <ClCompile Include="src\Renderer\RenderCommand.cpp">
      <Filter>Renderer</Filter>
    </ClCompile>
    <ClCompile Include="src\Renderer\RenderManager.cpp">
      <Filter>Renderer</Filter>
    </ClCompile>
    <ClCompile Include="src\Renderer\Shader.cpp">
      <Filter>Renderer</Filter>
    </ClCompile>
    <ClCompile Include="src\Renderer\VertexBuffer.cpp">
      <Filter>Renderer</Filter>
    </ClCompile>
    <ClCompile Include="src\Utils\Bitmap.cpp">
      <Filter>Utils</Filter>
    </ClCompile>
    <ClCompile Include="src\Utils\MatrixStack.cpp">
      <Filter>Utils</Filter>
    </ClCompile>
    <ClCompile Include="src\Utils\Scene\MeshConvert.cpp">
      <Filter>Utils\Scene</Filter>
    </ClCompile>
    <ClCompile Include="src\Utils\Scene\VtxData.cpp">
      <Filter>Utils\Scene</Filter>
    </ClCompile>
    <ClCompile Include="src\Utils\Utils.cpp">
      <Filter>Utils</Filter>
    </ClCompile>
    <ClCompile Include="src\Utils\imgui_impl_opengl3.cpp">
      <Filter>Utils</Filter>
    </ClCompile>
    <ClCompile Include="src\Utils\imgui_impl_sdl.cpp">
      <Filter>Utils</Filter>
    </ClCompile>
    <ClCompile Include="src\pch.cpp" />
  </ItemGroup>
</Project>